
Microsoft Visual Studio Solution File, Format Version 12.00
# Visual Studio Version 17
VisualStudioVersion = 17.13.35825.156 d17.13
MinimumVisualStudioVersion = 10.0.40219.1
Project("{FAE04EC0-301F-11D3-BF4B-00C04F79EFBC}") = "CalcServer", "CalcServer.csproj", "{784C4F0D-8E19-4CDD-865A-5C5390EEF5B2}"
EndProject
Project("{FAE04EC0-301F-11D3-BF4B-00C04F79EFBC}") = "CalcClient", "..\CalcClient\CalcClient.csproj", "{C6A0F0D0-C370-4DC5-95AA-4FF801DAFE54}"
EndProject
Project("{FAE04EC0-301F-11D3-BF4B-00C04F79EFBC}") = "CalcInterfaces", "..\CalcInterfaces\CalcInterfaces.csproj", "{02FC6845-AB37-4E30-9A17-11D4DEA8826F}"
EndProject
Global
	GlobalSection(SolutionConfigurationPlatforms) = preSolution
		Debug|Any CPU = Debug|Any CPU
		Release|Any CPU = Release|Any CPU
	EndGlobalSection
	GlobalSection(ProjectConfigurationPlatforms) = postSolution
		{784C4F0D-8E19-4CDD-865A-5C5390EEF5B2}.Debug|Any CPU.ActiveCfg = Debug|Any CPU
		{784C4F0D-8E19-4CDD-865A-5C5390EEF5B2}.Debug|Any CPU.Build.0 = Debug|Any CPU
		{784C4F0D-8E19-4CDD-865A-5C5390EEF5B2}.Release|Any CPU.ActiveCfg = Release|Any CPU
		{784C4F0D-8E19-4CDD-865A-5C5390EEF5B2}.Release|Any CPU.Build.0 = Release|Any CPU
		{C6A0F0D0-C370-4DC5-95AA-4FF801DAFE54}.Debug|Any CPU.ActiveCfg = Debug|Any CPU
		{C6A0F0D0-C370-4DC5-95AA-4FF801DAFE54}.Debug|Any CPU.Build.0 = Debug|Any CPU
		{C6A0F0D0-C370-4DC5-95AA-4FF801DAFE54}.Release|Any CPU.ActiveCfg = Release|Any CPU
		{C6A0F0D0-C370-4DC5-95AA-4FF801DAFE54}.Release|Any CPU.Build.0 = Release|Any CPU
		{02FC6845-AB37-4E30-9A17-11D4DEA8826F}.Debug|Any CPU.ActiveCfg = Debug|Any CPU
		{02FC6845-AB37-4E30-9A17-11D4DEA8826F}.Debug|Any CPU.Build.0 = Debug|Any CPU
		{02FC6845-AB37-4E30-9A17-11D4DEA8826F}.Release|Any CPU.ActiveCfg = Release|Any CPU
		{02FC6845-AB37-4E30-9A17-11D4DEA8826F}.Release|Any CPU.Build.0 = Release|Any CPU
	EndGlobalSection
	GlobalSection(SolutionProperties) = preSolution
		HideSolutionNode = FALSE
	EndGlobalSection
	GlobalSection(ExtensibilityGlobals) = postSolution
		SolutionGuid = {2913D04F-8353-4299-8AFD-A7DCAAC76986}
	EndGlobalSection
EndGlobal
